
Microsoft Visual Studio Solution File, Format Version 12.00
# Visual Studio 15
VisualStudioVersion = 15.0.27703.2018
MinimumVisualStudioVersion = 10.0.40219.1
Project("{FAE04EC0-301F-11D3-BF4B-00C04F79EFBC}") = "WordBookMarkDeal", "WordBookMarkDeal\WordBookMarkDeal.csproj", "{601976C8-204B-4FD0-B71F-91805C657977}"
EndProject
Project("{FAE04EC0-301F-11D3-BF4B-00C04F79EFBC}") = "WordClassLibrary", "WordClassLibrary\WordClassLibrary.csproj", "{E56C3643-4CA6-4AC6-8D47-6D4442DEC2A3}"
EndProject
Project("{FAE04EC0-301F-11D3-BF4B-00C04F79EFBC}") = "ExcelClassLibrary", "ExcelClassLibrary\ExcelClassLibrary.csproj", "{AAA4F29E-0DAB-4512-B623-42A8BE74842D}"
EndProject
Project("{2150E333-8FDC-42A3-9474-1A3956D46DE8}") = "ClassLibrary", "ClassLibrary", "{914C1660-FF9C-4CE5-80DC-2D82E2AF77BE}"
EndProject
Global
	GlobalSection(SolutionConfigurationPlatforms) = preSolution
		Debug|Any CPU = Debug|Any CPU
		Release|Any CPU = Release|Any CPU
	EndGlobalSection
	GlobalSection(ProjectConfigurationPlatforms) = postSolution
		{601976C8-204B-4FD0-B71F-91805C657977}.Debug|Any CPU.ActiveCfg = Debug|Any CPU
		{601976C8-204B-4FD0-B71F-91805C657977}.Debug|Any CPU.Build.0 = Debug|Any CPU
		{601976C8-204B-4FD0-B71F-91805C657977}.Release|Any CPU.ActiveCfg = Release|Any CPU
		{601976C8-204B-4FD0-B71F-91805C657977}.Release|Any CPU.Build.0 = Release|Any CPU
		{E56C3643-4CA6-4AC6-8D47-6D4442DEC2A3}.Debug|Any CPU.ActiveCfg = Debug|Any CPU
		{E56C3643-4CA6-4AC6-8D47-6D4442DEC2A3}.Debug|Any CPU.Build.0 = Debug|Any CPU
		{E56C3643-4CA6-4AC6-8D47-6D4442DEC2A3}.Release|Any CPU.ActiveCfg = Release|Any CPU
		{E56C3643-4CA6-4AC6-8D47-6D4442DEC2A3}.Release|Any CPU.Build.0 = Release|Any CPU
		{AAA4F29E-0DAB-4512-B623-42A8BE74842D}.Debug|Any CPU.ActiveCfg = Debug|Any CPU
		{AAA4F29E-0DAB-4512-B623-42A8BE74842D}.Debug|Any CPU.Build.0 = Debug|Any CPU
		{AAA4F29E-0DAB-4512-B623-42A8BE74842D}.Release|Any CPU.ActiveCfg = Release|Any CPU
		{AAA4F29E-0DAB-4512-B623-42A8BE74842D}.Release|Any CPU.Build.0 = Release|Any CPU
	EndGlobalSection
	GlobalSection(SolutionProperties) = preSolution
		HideSolutionNode = FALSE
	EndGlobalSection
	GlobalSection(NestedProjects) = preSolution
		{E56C3643-4CA6-4AC6-8D47-6D4442DEC2A3} = {914C1660-FF9C-4CE5-80DC-2D82E2AF77BE}
		{AAA4F29E-0DAB-4512-B623-42A8BE74842D} = {914C1660-FF9C-4CE5-80DC-2D82E2AF77BE}
	EndGlobalSection
	GlobalSection(ExtensibilityGlobals) = postSolution
		SolutionGuid = {7B1A6CB5-8C39-402A-9A74-87725F99111C}
	EndGlobalSection
EndGlobal
